
Microsoft Visual Studio Solution File, Format Version 12.00
# Visual Studio Version 17
VisualStudioVersion = 17.0.32014.148
MinimumVisualStudioVersion = 10.0.40219.1
Project("{FAE04EC0-301F-11D3-BF4B-00C04F79EFBC}") = "SequenceStructureProgrammingExercise1", "SequenceStructureProgrammingExercise1\SequenceStructureProgrammingExercise1.csproj", "{AC582F0C-0A3B-465D-9DF2-390E9D66B03A}"
EndProject
Global
	GlobalSection(SolutionConfigurationPlatforms) = preSolution
		Debug|Any CPU = Debug|Any CPU
		Release|Any CPU = Release|Any CPU
	EndGlobalSection
	GlobalSection(ProjectConfigurationPlatforms) = postSolution
		{AC582F0C-0A3B-465D-9DF2-390E9D66B03A}.Debug|Any CPU.ActiveCfg = Debug|Any CPU
		{AC582F0C-0A3B-465D-9DF2-390E9D66B03A}.Debug|Any CPU.Build.0 = Debug|Any CPU
		{AC582F0C-0A3B-465D-9DF2-390E9D66B03A}.Release|Any CPU.ActiveCfg = Release|Any CPU
		{AC582F0C-0A3B-465D-9DF2-390E9D66B03A}.Release|Any CPU.Build.0 = Release|Any CPU
	EndGlobalSection
	GlobalSection(SolutionProperties) = preSolution
		HideSolutionNode = FALSE
	EndGlobalSection
	GlobalSection(ExtensibilityGlobals) = postSolution
		SolutionGuid = {D56C0100-37DA-4F07-ABB6-86A7345E5739}
	EndGlobalSection
EndGlobal
