
Microsoft Visual Studio Solution File, Format Version 12.00
# Visual Studio Version 17
VisualStudioVersion = 17.0.32112.339
MinimumVisualStudioVersion = 10.0.40219.1
Project("{FAE04EC0-301F-11D3-BF4B-00C04F79EFBC}") = "TwoLinesApp(Practice)", "TwoLinesApp(Practice)\TwoLinesApp(Practice).csproj", "{7D350559-9E81-490C-A851-6AEB4E1BA525}"
EndProject
Global
	GlobalSection(SolutionConfigurationPlatforms) = preSolution
		Debug|Any CPU = Debug|Any CPU
		Release|Any CPU = Release|Any CPU
	EndGlobalSection
	GlobalSection(ProjectConfigurationPlatforms) = postSolution
		{7D350559-9E81-490C-A851-6AEB4E1BA525}.Debug|Any CPU.ActiveCfg = Debug|Any CPU
		{7D350559-9E81-490C-A851-6AEB4E1BA525}.Debug|Any CPU.Build.0 = Debug|Any CPU
		{7D350559-9E81-490C-A851-6AEB4E1BA525}.Release|Any CPU.ActiveCfg = Release|Any CPU
		{7D350559-9E81-490C-A851-6AEB4E1BA525}.Release|Any CPU.Build.0 = Release|Any CPU
	EndGlobalSection
	GlobalSection(SolutionProperties) = preSolution
		HideSolutionNode = FALSE
	EndGlobalSection
	GlobalSection(ExtensibilityGlobals) = postSolution
		SolutionGuid = {301F2504-39B7-4B96-9953-7AF7B2B16C7B}
	EndGlobalSection
EndGlobal
