
Microsoft Visual Studio Solution File, Format Version 12.00
# Visual Studio Version 17
VisualStudioVersion = 17.0.32014.148
MinimumVisualStudioVersion = 10.0.40219.1
Project("{FAE04EC0-301F-11D3-BF4B-00C04F79EFBC}") = "AdditionQuiz", "AdditionQuiz\AdditionQuiz.csproj", "{9CCC9784-7C54-4AAF-9F97-905A202F868E}"
EndProject
Global
	GlobalSection(SolutionConfigurationPlatforms) = preSolution
		Debug|Any CPU = Debug|Any CPU
		Release|Any CPU = Release|Any CPU
	EndGlobalSection
	GlobalSection(ProjectConfigurationPlatforms) = postSolution
		{9CCC9784-7C54-4AAF-9F97-905A202F868E}.Debug|Any CPU.ActiveCfg = Debug|Any CPU
		{9CCC9784-7C54-4AAF-9F97-905A202F868E}.Debug|Any CPU.Build.0 = Debug|Any CPU
		{9CCC9784-7C54-4AAF-9F97-905A202F868E}.Release|Any CPU.ActiveCfg = Release|Any CPU
		{9CCC9784-7C54-4AAF-9F97-905A202F868E}.Release|Any CPU.Build.0 = Release|Any CPU
	EndGlobalSection
	GlobalSection(SolutionProperties) = preSolution
		HideSolutionNode = FALSE
	EndGlobalSection
	GlobalSection(ExtensibilityGlobals) = postSolution
		SolutionGuid = {66F48087-D177-46E0-AB99-5AF9CA00AC02}
	EndGlobalSection
EndGlobal
