
Microsoft Visual Studio Solution File, Format Version 12.00
# Visual Studio Version 17
VisualStudioVersion = 17.0.32014.148
MinimumVisualStudioVersion = 10.0.40219.1
Project("{FAE04EC0-301F-11D3-BF4B-00C04F79EFBC}") = "SSPEQuestion3", "SSPEQuestion3\SSPEQuestion3.csproj", "{84FF809D-7417-44D9-86A9-0FB82E6942A4}"
EndProject
Global
	GlobalSection(SolutionConfigurationPlatforms) = preSolution
		Debug|Any CPU = Debug|Any CPU
		Release|Any CPU = Release|Any CPU
	EndGlobalSection
	GlobalSection(ProjectConfigurationPlatforms) = postSolution
		{84FF809D-7417-44D9-86A9-0FB82E6942A4}.Debug|Any CPU.ActiveCfg = Debug|Any CPU
		{84FF809D-7417-44D9-86A9-0FB82E6942A4}.Debug|Any CPU.Build.0 = Debug|Any CPU
		{84FF809D-7417-44D9-86A9-0FB82E6942A4}.Release|Any CPU.ActiveCfg = Release|Any CPU
		{84FF809D-7417-44D9-86A9-0FB82E6942A4}.Release|Any CPU.Build.0 = Release|Any CPU
	EndGlobalSection
	GlobalSection(SolutionProperties) = preSolution
		HideSolutionNode = FALSE
	EndGlobalSection
	GlobalSection(ExtensibilityGlobals) = postSolution
		SolutionGuid = {CC9BD687-C874-4D8D-B9C8-70154302B5B0}
	EndGlobalSection
EndGlobal
