
Microsoft Visual Studio Solution File, Format Version 12.00
# Visual Studio Version 17
VisualStudioVersion = 17.0.32014.148
MinimumVisualStudioVersion = 10.0.40219.1
Project("{FAE04EC0-301F-11D3-BF4B-00C04F79EFBC}") = "Sales.cs", "Sales.cs\Sales.cs.csproj", "{C196FB7A-0D7B-4842-BD63-E37428835CD4}"
EndProject
Global
	GlobalSection(SolutionConfigurationPlatforms) = preSolution
		Debug|Any CPU = Debug|Any CPU
		Release|Any CPU = Release|Any CPU
	EndGlobalSection
	GlobalSection(ProjectConfigurationPlatforms) = postSolution
		{C196FB7A-0D7B-4842-BD63-E37428835CD4}.Debug|Any CPU.ActiveCfg = Debug|Any CPU
		{C196FB7A-0D7B-4842-BD63-E37428835CD4}.Debug|Any CPU.Build.0 = Debug|Any CPU
		{C196FB7A-0D7B-4842-BD63-E37428835CD4}.Release|Any CPU.ActiveCfg = Release|Any CPU
		{C196FB7A-0D7B-4842-BD63-E37428835CD4}.Release|Any CPU.Build.0 = Release|Any CPU
	EndGlobalSection
	GlobalSection(SolutionProperties) = preSolution
		HideSolutionNode = FALSE
	EndGlobalSection
	GlobalSection(ExtensibilityGlobals) = postSolution
		SolutionGuid = {156834D8-7B32-4196-BBAF-23AB83CA1900}
	EndGlobalSection
EndGlobal
